<?xml version="1.0" encoding="utf-8"?>
<Project ToolsVersion="4.0" xmlns="http://schemas.microsoft.com/developer/msbuild/2003">
  <ItemGroup>
    <Filter Include="Source Files">
      <UniqueIdentifier>{4FC737F1-C7A5-4376-A066-2A32D752A2FF}</UniqueIdentifier>
      <Extensions>cpp;c;cc;cxx;c++;cppm;ixx;def;odl;idl;hpj;bat;asm;asmx</Extensions>
    </Filter>
    <Filter Include="Header Files">
      <UniqueIdentifier>{93995380-89BD-4b04-88EB-625FBE52EBFB}</UniqueIdentifier>
      <Extensions>h;hh;hpp;hxx;h++;hm;inl;inc;ipp;xsd</Extensions>
    </Filter>
    <Filter Include="Resource Files">
      <UniqueIdentifier>{67DA6AB6-F800-4c08-8B7A-83BB121AAD01}</UniqueIdentifier>
      <Extensions>rc;ico;cur;bmp;dlg;rc2;rct;bin;rgs;gif;jpg;jpeg;jpe;resx;tiff;tif;png;wav;mfcribbon-ms</Extensions>
    </Filter>
    <Filter Include="Source Files\vk">
      <UniqueIdentifier>{d09aa392-1d7e-49a1-a5ea-c020a96e42a2}</UniqueIdentifier>
    </Filter>
    <Filter Include="Header Files\vk">
      <UniqueIdentifier>{732212bc-7b37-4faa-a719-ba354560a46a}</UniqueIdentifier>
    </Filter>
    <Filter Include="Header Files\core">
      <UniqueIdentifier>{e0a1f76d-9fc9-42e6-9f57-b928553714c4}</UniqueIdentifier>
    </Filter>
    <Filter Include="Source Files\core">
      <UniqueIdentifier>{5d693395-e398-4e5f-898d-9a1086db9b2f}</UniqueIdentifier>
    </Filter>
    <Filter Include="Source Files\vk\util">
      <UniqueIdentifier>{1d8fdba5-47ff-4664-bc72-c23909517f95}</UniqueIdentifier>
    </Filter>
    <Filter Include="Header Files\vk\util">
      <UniqueIdentifier>{006a05cc-f849-464b-8631-7f743d3afaad}</UniqueIdentifier>
    </Filter>
    <Filter Include="Header Files\core\keybinds">
      <UniqueIdentifier>{e46a1f4f-060d-45aa-835f-fc4b29d46d7a}</UniqueIdentifier>
    </Filter>
    <Filter Include="Header Files\vk\buffers">
      <UniqueIdentifier>{d36c6edd-71ef-498f-9685-06c8789fbdeb}</UniqueIdentifier>
    </Filter>
    <Filter Include="Source Files\vk\buffers">
      <UniqueIdentifier>{5181ff10-b125-4787-a445-bb84acfdde1b}</UniqueIdentifier>
    </Filter>
    <Filter Include="Header Files\vk\images">
      <UniqueIdentifier>{1cdb60ee-3270-4230-a941-25666febb541}</UniqueIdentifier>
    </Filter>
    <Filter Include="Source Files\vk\images">
      <UniqueIdentifier>{77db9812-17fe-4fb5-9fab-ef96516e3b6c}</UniqueIdentifier>
    </Filter>
    <Filter Include="Header Files\vk\objects">
      <UniqueIdentifier>{a676a5e5-bef3-4d66-a9db-40916f23a488}</UniqueIdentifier>
    </Filter>
    <Filter Include="Source Files\vk\objects">
      <UniqueIdentifier>{6090354d-cae3-49eb-960b-484ca16a7909}</UniqueIdentifier>
    </Filter>
    <Filter Include="Header Files\core\managers">
      <UniqueIdentifier>{0643ffbf-8d52-4a14-89d1-0b5dd6013abe}</UniqueIdentifier>
    </Filter>
    <Filter Include="Source Files\core\managers">
      <UniqueIdentifier>{1803a3b3-686b-4d22-997d-2393ea24eb13}</UniqueIdentifier>
    </Filter>
    <Filter Include="Source Files\core\engine">
      <UniqueIdentifier>{60614c7f-c732-4016-bd6c-c7f2ac8c27e4}</UniqueIdentifier>
    </Filter>
    <Filter Include="Header Files\core\engine">
      <UniqueIdentifier>{b5105e83-2f1b-4f71-a610-fb5302637fa1}</UniqueIdentifier>
    </Filter>
    <Filter Include="Header Files\core\physics">
      <UniqueIdentifier>{ec9bb2ca-903c-43de-8c01-ee9172067504}</UniqueIdentifier>
    </Filter>
    <Filter Include="Header Files\imgui">
      <UniqueIdentifier>{77a4f1a3-8494-42e1-8651-c616bb435e9f}</UniqueIdentifier>
    </Filter>
    <Filter Include="Source Files\imgui">
      <UniqueIdentifier>{bbf19f6d-e5ba-4de3-8bee-ed4b627875e8}</UniqueIdentifier>
    </Filter>
  </ItemGroup>
  <ItemGroup>
    <ClCompile Include="main.cpp">
      <Filter>Source Files</Filter>
    </ClCompile>
    <ClCompile Include="VulkanInstance.cpp">
      <Filter>Source Files\vk</Filter>
    </ClCompile>
    <ClCompile Include="VulkanDebugMessenger.cpp">
      <Filter>Source Files\vk</Filter>
    </ClCompile>
    <ClCompile Include="VulkanSurface.cpp">
      <Filter>Source Files\vk</Filter>
    </ClCompile>
    <ClCompile Include="VulkanPhysicalDevice.cpp">
      <Filter>Source Files\vk</Filter>
    </ClCompile>
    <ClCompile Include="VulkanLogicalDevice.cpp">
      <Filter>Source Files\vk</Filter>
    </ClCompile>
    <ClCompile Include="VulkanSwapChain.cpp">
      <Filter>Source Files\vk</Filter>
    </ClCompile>
    <ClCompile Include="VulkanRenderPass.cpp">
      <Filter>Source Files\vk</Filter>
    </ClCompile>
    <ClCompile Include="VulkanGraphicsPipeline.cpp">
      <Filter>Source Files\vk</Filter>
    </ClCompile>
    <ClCompile Include="VulkanFrameBuffers.cpp">
      <Filter>Source Files\vk</Filter>
    </ClCompile>
    <ClCompile Include="VulkanCommandPool.cpp">
      <Filter>Source Files\vk</Filter>
    </ClCompile>
    <ClCompile Include="VulkanCommandBuffers.cpp">
      <Filter>Source Files\vk</Filter>
    </ClCompile>
    <ClCompile Include="VulkanSyncObjects.cpp">
      <Filter>Source Files\vk</Filter>
    </ClCompile>
    <ClCompile Include="Matricies.cpp">
      <Filter>Source Files\core</Filter>
    </ClCompile>
    <ClCompile Include="VulkanDescriptorSetLayout.cpp">
      <Filter>Source Files\vk</Filter>
    </ClCompile>
    <ClCompile Include="VulkanDescriptorPool.cpp">
      <Filter>Source Files\vk</Filter>
    </ClCompile>
    <ClCompile Include="VulkanDescriptorSets.cpp">
      <Filter>Source Files\vk</Filter>
    </ClCompile>
    <ClCompile Include="Camera.cpp">
      <Filter>Source Files\core</Filter>
    </ClCompile>
    <ClCompile Include="VulkanImageUtil.cpp">
      <Filter>Source Files\vk\util</Filter>
    </ClCompile>
    <ClCompile Include="VulkanCommandBufferUtil.cpp">
      <Filter>Source Files\vk\util</Filter>
    </ClCompile>
    <ClCompile Include="VulkanBuffer.cpp">
      <Filter>Source Files\vk\buffers</Filter>
    </ClCompile>
    <ClCompile Include="VulkanVertexBuffer.cpp">
      <Filter>Source Files\vk\buffers</Filter>
    </ClCompile>
    <ClCompile Include="VulkanUniformBuffer.cpp">
      <Filter>Source Files\vk\buffers</Filter>
    </ClCompile>
    <ClCompile Include="VulkanIndexBuffer.cpp">
      <Filter>Source Files\vk\buffers</Filter>
    </ClCompile>
    <ClCompile Include="VulkanImage.cpp">
      <Filter>Source Files\vk\images</Filter>
    </ClCompile>
    <ClCompile Include="VulkanTextureImage.cpp">
      <Filter>Source Files\vk\images</Filter>
    </ClCompile>
    <ClCompile Include="VulkanImageView.cpp">
      <Filter>Source Files\vk</Filter>
    </ClCompile>
    <ClCompile Include="VulkanImageSampler.cpp">
      <Filter>Source Files\vk</Filter>
    </ClCompile>
    <ClCompile Include="VulkanCubeMapImage.cpp">
      <Filter>Source Files\vk\images</Filter>
    </ClCompile>
    <ClCompile Include="VulkanDepthImage.cpp">
      <Filter>Source Files\vk\images</Filter>
    </ClCompile>
    <ClCompile Include="VulkanInstanceBuffer.cpp">
      <Filter>Source Files\vk\buffers</Filter>
    </ClCompile>
    <ClCompile Include="VulkanVertexInputUtil.cpp">
      <Filter>Source Files\vk\util</Filter>
    </ClCompile>
    <ClCompile Include="BasicObject.cpp">
      <Filter>Source Files\vk\objects</Filter>
    </ClCompile>
    <ClCompile Include="CubeObject.cpp">
      <Filter>Source Files\vk\objects</Filter>
    </ClCompile>
    <ClCompile Include="Chunk.cpp">
      <Filter>Source Files\core</Filter>
    </ClCompile>
    <ClCompile Include="Block.cpp">
      <Filter>Source Files\core</Filter>
    </ClCompile>
    <ClCompile Include="VulkanDescriptorSet.cpp">
      <Filter>Source Files\vk\util</Filter>
    </ClCompile>
    <ClCompile Include="Batch.cpp">
      <Filter>Source Files\core</Filter>
    </ClCompile>
    <ClCompile Include="BatchManager.cpp">
      <Filter>Source Files\core\managers</Filter>
    </ClCompile>
    <ClCompile Include="ModelManager.cpp">
      <Filter>Source Files\core\managers</Filter>
    </ClCompile>
    <ClCompile Include="TextureManager.cpp">
      <Filter>Source Files\core\managers</Filter>
    </ClCompile>
    <ClCompile Include="Engine.cpp">
      <Filter>Source Files\core\engine</Filter>
    </ClCompile>
    <ClCompile Include="Physics.cpp">
      <Filter>Source Files\core</Filter>
    </ClCompile>
    <ClCompile Include="..\..\..\..\libs\cpp\imgui-1.90.5\imgui_demo.cpp">
      <Filter>Source Files\imgui</Filter>
    </ClCompile>
    <ClCompile Include="..\..\..\..\libs\cpp\imgui-1.90.5\imgui_draw.cpp">
      <Filter>Source Files\imgui</Filter>
    </ClCompile>
    <ClCompile Include="..\..\..\..\libs\cpp\imgui-1.90.5\imgui_tables.cpp">
      <Filter>Source Files\imgui</Filter>
    </ClCompile>
    <ClCompile Include="..\..\..\..\libs\cpp\imgui-1.90.5\imgui_widgets.cpp">
      <Filter>Source Files\imgui</Filter>
    </ClCompile>
    <ClCompile Include="..\..\..\..\libs\cpp\imgui-1.90.5\imgui.cpp">
      <Filter>Source Files\imgui</Filter>
    </ClCompile>
    <ClCompile Include="..\..\..\..\libs\cpp\imgui-1.90.5\backends\imgui_impl_vulkan.cpp">
      <Filter>Source Files\imgui</Filter>
    </ClCompile>
    <ClCompile Include="..\..\..\..\libs\cpp\imgui-1.90.5\backends\imgui_impl_glfw.cpp">
      <Filter>Source Files\imgui</Filter>
    </ClCompile>
  </ItemGroup>
  <ItemGroup>
    <ClInclude Include="VulkanInstance.h">
      <Filter>Header Files\vk</Filter>
    </ClInclude>
    <ClInclude Include="VulkanDebugMessenger.h">
      <Filter>Header Files\vk</Filter>
    </ClInclude>
    <ClInclude Include="VulkanSurface.h">
      <Filter>Header Files\vk</Filter>
    </ClInclude>
    <ClInclude Include="VulkanPhysicalDevice.h">
      <Filter>Header Files\vk</Filter>
    </ClInclude>
    <ClInclude Include="VulkanLogicalDevice.h">
      <Filter>Header Files\vk</Filter>
    </ClInclude>
    <ClInclude Include="VulkanSwapChain.h">
      <Filter>Header Files\vk</Filter>
    </ClInclude>
    <ClInclude Include="VulkanRenderPass.h">
      <Filter>Header Files\vk</Filter>
    </ClInclude>
    <ClInclude Include="VulkanGraphicsPipeline.h">
      <Filter>Header Files\vk</Filter>
    </ClInclude>
    <ClInclude Include="VulkanFrameBuffers.h">
      <Filter>Header Files\vk</Filter>
    </ClInclude>
    <ClInclude Include="VulkanCommandPool.h">
      <Filter>Header Files\vk</Filter>
    </ClInclude>
    <ClInclude Include="VulkanCommandBuffers.h">
      <Filter>Header Files\vk</Filter>
    </ClInclude>
    <ClInclude Include="VulkanSyncObjects.h">
      <Filter>Header Files\vk</Filter>
    </ClInclude>
    <ClInclude Include="Vertex.h">
      <Filter>Header Files\core</Filter>
    </ClInclude>
    <ClInclude Include="Matrices.h">
      <Filter>Header Files\core</Filter>
    </ClInclude>
    <ClInclude Include="VulkanDescriptorSetLayout.h">
      <Filter>Header Files\vk</Filter>
    </ClInclude>
    <ClInclude Include="VulkanDescriptorPool.h">
      <Filter>Header Files\vk</Filter>
    </ClInclude>
    <ClInclude Include="VulkanDescriptorSets.h">
      <Filter>Header Files\vk</Filter>
    </ClInclude>
    <ClInclude Include="Camera.h">
      <Filter>Header Files\core</Filter>
    </ClInclude>
    <ClInclude Include="CameraKeybinds.h">
      <Filter>Header Files\core\keybinds</Filter>
    </ClInclude>
    <ClInclude Include="VulkanImageUtil.h">
      <Filter>Header Files\vk\util</Filter>
    </ClInclude>
    <ClInclude Include="VulkanCommandBufferUtil.h">
      <Filter>Header Files\vk\util</Filter>
    </ClInclude>
    <ClInclude Include="VulkanBuffer.h">
      <Filter>Header Files\vk\buffers</Filter>
    </ClInclude>
    <ClInclude Include="VulkanVertexBuffer.h">
      <Filter>Header Files\vk\buffers</Filter>
    </ClInclude>
    <ClInclude Include="VulkanUniformBuffer.h">
      <Filter>Header Files\vk\buffers</Filter>
    </ClInclude>
    <ClInclude Include="VulkanIndexBuffer.h">
      <Filter>Header Files\vk\buffers</Filter>
    </ClInclude>
    <ClInclude Include="VulkanImage.h">
      <Filter>Header Files\vk\images</Filter>
    </ClInclude>
    <ClInclude Include="VulkanTextureImage.h">
      <Filter>Header Files\vk\images</Filter>
    </ClInclude>
    <ClInclude Include="VulkanImageView.h">
      <Filter>Header Files\vk</Filter>
    </ClInclude>
    <ClInclude Include="VulkanImageSampler.h">
      <Filter>Header Files\vk</Filter>
    </ClInclude>
    <ClInclude Include="VulkanCubeMapImage.h">
      <Filter>Header Files\vk\images</Filter>
    </ClInclude>
    <ClInclude Include="VulkanDepthImage.h">
      <Filter>Header Files\vk\images</Filter>
    </ClInclude>
    <ClInclude Include="VulkanInstanceBuffer.h">
      <Filter>Header Files\vk\buffers</Filter>
    </ClInclude>
    <ClInclude Include="Instance.h">
      <Filter>Header Files\core</Filter>
    </ClInclude>
    <ClInclude Include="VulkanVertexInputUtil.h">
      <Filter>Header Files\vk\util</Filter>
    </ClInclude>
    <ClInclude Include="BasicObject.h">
      <Filter>Header Files\vk\objects</Filter>
    </ClInclude>
    <ClInclude Include="CubeObject.h">
      <Filter>Header Files\vk\objects</Filter>
    </ClInclude>
    <ClInclude Include="Chunk.h">
      <Filter>Header Files\core</Filter>
    </ClInclude>
    <ClInclude Include="Block.h">
      <Filter>Header Files\core</Filter>
    </ClInclude>
    <ClInclude Include="VulkanDescriptorSet.h">
      <Filter>Header Files\vk\util</Filter>
    </ClInclude>
    <ClInclude Include="Batch.h">
      <Filter>Header Files\core</Filter>
    </ClInclude>
    <ClInclude Include="Model.h">
      <Filter>Header Files\core</Filter>
    </ClInclude>
    <ClInclude Include="BatchManager.h">
      <Filter>Header Files\core\managers</Filter>
    </ClInclude>
    <ClInclude Include="ModelManager.h">
      <Filter>Header Files\core\managers</Filter>
    </ClInclude>
    <ClInclude Include="TextureManager.h">
      <Filter>Header Files\core\managers</Filter>
    </ClInclude>
    <ClInclude Include="Texture.h">
      <Filter>Header Files\core</Filter>
    </ClInclude>
    <ClInclude Include="Engine.h">
      <Filter>Header Files\core\engine</Filter>
    </ClInclude>
    <ClInclude Include="Physics.h">
      <Filter>Header Files\core\physics</Filter>
    </ClInclude>
    <ClInclude Include="..\..\..\..\libs\cpp\imgui-1.90.5\imstb_rectpack.h">
      <Filter>Header Files\imgui</Filter>
    </ClInclude>
    <ClInclude Include="..\..\..\..\libs\cpp\imgui-1.90.5\imstb_textedit.h">
      <Filter>Header Files\imgui</Filter>
    </ClInclude>
    <ClInclude Include="..\..\..\..\libs\cpp\imgui-1.90.5\imstb_truetype.h">
      <Filter>Header Files\imgui</Filter>
    </ClInclude>
    <ClInclude Include="..\..\..\..\libs\cpp\imgui-1.90.5\imconfig.h">
      <Filter>Header Files\imgui</Filter>
    </ClInclude>
    <ClInclude Include="..\..\..\..\libs\cpp\imgui-1.90.5\imgui.h">
      <Filter>Header Files\imgui</Filter>
    </ClInclude>
    <ClInclude Include="..\..\..\..\libs\cpp\imgui-1.90.5\imgui_internal.h">
      <Filter>Header Files\imgui</Filter>
    </ClInclude>
    <ClInclude Include="..\..\..\..\libs\cpp\imgui-1.90.5\backends\imgui_impl_vulkan.h">
      <Filter>Header Files\imgui</Filter>
    </ClInclude>
    <ClInclude Include="..\..\..\..\libs\cpp\imgui-1.90.5\backends\imgui_impl_glfw.h">
      <Filter>Header Files\imgui</Filter>
    </ClInclude>
  </ItemGroup>
</Project>